
Microsoft Visual Studio Solution File, Format Version 12.00
# Visual Studio 15
VisualStudioVersion = 15.0.28307.329
MinimumVisualStudioVersion = 10.0.40219.1
Project("{FAE04EC0-301F-11D3-BF4B-00C04F79EFBC}") = "WindowsFormsApp1", "WindowsFormsApp1\WindowsFormsApp1.csproj", "{18A6A8DA-7E87-4532-93F9-FF3D5437A8B4}"
EndProject
Global
	GlobalSection(SolutionConfigurationPlatforms) = preSolution
		Debug|Any CPU = Debug|Any CPU
		Release|Any CPU = Release|Any CPU
	EndGlobalSection
	GlobalSection(ProjectConfigurationPlatforms) = postSolution
		{18A6A8DA-7E87-4532-93F9-FF3D5437A8B4}.Debug|Any CPU.ActiveCfg = Debug|Any CPU
		{18A6A8DA-7E87-4532-93F9-FF3D5437A8B4}.Debug|Any CPU.Build.0 = Debug|Any CPU
		{18A6A8DA-7E87-4532-93F9-FF3D5437A8B4}.Release|Any CPU.ActiveCfg = Release|Any CPU
		{18A6A8DA-7E87-4532-93F9-FF3D5437A8B4}.Release|Any CPU.Build.0 = Release|Any CPU
	EndGlobalSection
	GlobalSection(SolutionProperties) = preSolution
		HideSolutionNode = FALSE
	EndGlobalSection
	GlobalSection(ExtensibilityGlobals) = postSolution
		SolutionGuid = {50BD2E61-7245-41A9-8F49-AD2FECBE0467}
	EndGlobalSection
EndGlobal
